
Microsoft Visual Studio Solution File, Format Version 12.00
# Visual Studio Version 16
VisualStudioVersion = 16.0.30114.105
MinimumVisualStudioVersion = 10.0.40219.1
Project("{8BC9CEB8-8B4A-11D0-8D11-00A0C91BC942}") = "Phoenix", "Phoenix\Phoenix.vcxproj", "{DF8D9A76-D86A-45B9-A53C-EF07C4BD26F2}"
EndProject
Project("{2150E333-8FDC-42A3-9474-1A3956D46DE8}") = "ExternalLibrary", "ExternalLibrary", "{0CB23F54-E7CB-49E9-AD41-361BAD7AD9F6}"
EndProject
Project("{2150E333-8FDC-42A3-9474-1A3956D46DE8}") = "PhoenixLibrary", "PhoenixLibrary", "{680D5647-A56E-47C9-B3D0-2D98ED1B571D}"
EndProject
Project("{8BC9CEB8-8B4A-11D0-8D11-00A0C91BC942}") = "ImGui", "Library\ExternalLibrary\ImGui\Build\vs2015\ImGui.vcxproj", "{C9E300FD-5B6A-4AD1-9C55-76086593172F}"
EndProject
Project("{8BC9CEB8-8B4A-11D0-8D11-00A0C91BC942}") = "ImGuizmo", "Library\ExternalLibrary\ImGuizmo\Build\vs2015\ImGuizmo.vcxproj", "{B82174A5-023A-4F2E-93EA-835F06209AA4}"
EndProject
Project("{8BC9CEB8-8B4A-11D0-8D11-00A0C91BC942}") = "PhoenixLib_FND", "Library\PhoenixLibrary\Build\vs2019\PhoenixLib_FND\PhoenixLib_FND.vcxproj", "{0830575F-A7DF-4195-AD76-4691E7B2EFBE}"
EndProject
Project("{8BC9CEB8-8B4A-11D0-8D11-00A0C91BC942}") = "PhoenixLib_Graphics", "Library\PhoenixLibrary\Build\vs2019\PhoenixLib_Graphics\PhoenixLib_Graphics.vcxproj", "{4F23F6D0-BB09-4AE7-A1F1-72075C1480A5}"
EndProject
Project("{8BC9CEB8-8B4A-11D0-8D11-00A0C91BC942}") = "PhoenixLib_FrameWork", "Library\PhoenixLibrary\Build\vs2019\PhoenixLib_FrameWork\PhoenixLib_FrameWork.vcxproj", "{2F2F99C3-A769-4CAE-A022-C9DD64293C6D}"
EndProject
Project("{8BC9CEB8-8B4A-11D0-8D11-00A0C91BC942}") = "PhoenixLib_OS", "Library\PhoenixLibrary\Build\vs2019\PhoenixLib_OS\PhoenixLib_OS.vcxproj", "{A545F191-0AC4-463F-B0D2-0086077AFE03}"
EndProject
Project("{8BC9CEB8-8B4A-11D0-8D11-00A0C91BC942}") = "PhoenixLib_Math", "Library\PhoenixLibrary\Build\vs2019\PhoenixLib_Math\PhoenixLib_Math.vcxproj", "{2875A93A-F3D8-47D7-97B0-2EFF41624DD8}"
EndProject
Project("{8BC9CEB8-8B4A-11D0-8D11-00A0C91BC942}") = "PhoenixLib_Loader", "Library\PhoenixLibrary\Build\vs2019\PhoenixLib_Loader\PhoenixLib_Loader.vcxproj", "{87937636-4141-4D44-97EB-9905AA671A71}"
EndProject
Project("{8BC9CEB8-8B4A-11D0-8D11-00A0C91BC942}") = "PhoenixLib_HLSL", "Library\PhoenixLibrary\Build\vs2019\PhoenixLib_HLSL\PhoenixLib_HLSL.vcxproj", "{5953B9FE-2081-4BF0-8F89-435FEDE4A04A}"
EndProject
Project("{8BC9CEB8-8B4A-11D0-8D11-00A0C91BC942}") = "DirectXTex", "Library\ExternalLibrary\DirectXTex-master\DirectXTex\DirectXTex_Desktop_2019.vcxproj", "{371B9FA9-4C90-4AC6-A123-ACED756D6C77}"
EndProject
Project("{8BC9CEB8-8B4A-11D0-8D11-00A0C91BC942}") = "Phoenix_Tool", "Phoenix_Tool\Phoenix_Tool.vcxproj", "{DED57D7B-E98C-451B-AE49-2BF9445217AF}"
EndProject
Global
	GlobalSection(SolutionConfigurationPlatforms) = preSolution
		Debug|x64 = Debug|x64
		Debug|x86 = Debug|x86
		Profile|x64 = Profile|x64
		Profile|x86 = Profile|x86
		Release|x64 = Release|x64
		Release|x86 = Release|x86
	EndGlobalSection
	GlobalSection(ProjectConfigurationPlatforms) = postSolution
		{DF8D9A76-D86A-45B9-A53C-EF07C4BD26F2}.Debug|x64.ActiveCfg = Debug|x64
		{DF8D9A76-D86A-45B9-A53C-EF07C4BD26F2}.Debug|x64.Build.0 = Debug|x64
		{DF8D9A76-D86A-45B9-A53C-EF07C4BD26F2}.Debug|x86.ActiveCfg = Debug|Win32
		{DF8D9A76-D86A-45B9-A53C-EF07C4BD26F2}.Debug|x86.Build.0 = Debug|Win32
		{DF8D9A76-D86A-45B9-A53C-EF07C4BD26F2}.Profile|x64.ActiveCfg = Release|x64
		{DF8D9A76-D86A-45B9-A53C-EF07C4BD26F2}.Profile|x64.Build.0 = Release|x64
		{DF8D9A76-D86A-45B9-A53C-EF07C4BD26F2}.Profile|x86.ActiveCfg = Release|Win32
		{DF8D9A76-D86A-45B9-A53C-EF07C4BD26F2}.Profile|x86.Build.0 = Release|Win32
		{DF8D9A76-D86A-45B9-A53C-EF07C4BD26F2}.Release|x64.ActiveCfg = Release|x64
		{DF8D9A76-D86A-45B9-A53C-EF07C4BD26F2}.Release|x64.Build.0 = Release|x64
		{DF8D9A76-D86A-45B9-A53C-EF07C4BD26F2}.Release|x86.ActiveCfg = Release|Win32
		{DF8D9A76-D86A-45B9-A53C-EF07C4BD26F2}.Release|x86.Build.0 = Release|Win32
		{C9E300FD-5B6A-4AD1-9C55-76086593172F}.Debug|x64.ActiveCfg = Debug|x64
		{C9E300FD-5B6A-4AD1-9C55-76086593172F}.Debug|x64.Build.0 = Debug|x64
		{C9E300FD-5B6A-4AD1-9C55-76086593172F}.Debug|x86.ActiveCfg = Debug|Win32
		{C9E300FD-5B6A-4AD1-9C55-76086593172F}.Debug|x86.Build.0 = Debug|Win32
		{C9E300FD-5B6A-4AD1-9C55-76086593172F}.Profile|x64.ActiveCfg = Release|x64
		{C9E300FD-5B6A-4AD1-9C55-76086593172F}.Profile|x64.Build.0 = Release|x64
		{C9E300FD-5B6A-4AD1-9C55-76086593172F}.Profile|x86.ActiveCfg = Release|Win32
		{C9E300FD-5B6A-4AD1-9C55-76086593172F}.Profile|x86.Build.0 = Release|Win32
		{C9E300FD-5B6A-4AD1-9C55-76086593172F}.Release|x64.ActiveCfg = Release|x64
		{C9E300FD-5B6A-4AD1-9C55-76086593172F}.Release|x64.Build.0 = Release|x64
		{C9E300FD-5B6A-4AD1-9C55-76086593172F}.Release|x86.ActiveCfg = Release|Win32
		{C9E300FD-5B6A-4AD1-9C55-76086593172F}.Release|x86.Build.0 = Release|Win32
		{B82174A5-023A-4F2E-93EA-835F06209AA4}.Debug|x64.ActiveCfg = Debug|x64
		{B82174A5-023A-4F2E-93EA-835F06209AA4}.Debug|x64.Build.0 = Debug|x64
		{B82174A5-023A-4F2E-93EA-835F06209AA4}.Debug|x86.ActiveCfg = Debug|Win32
		{B82174A5-023A-4F2E-93EA-835F06209AA4}.Debug|x86.Build.0 = Debug|Win32
		{B82174A5-023A-4F2E-93EA-835F06209AA4}.Profile|x64.ActiveCfg = Release|x64
		{B82174A5-023A-4F2E-93EA-835F06209AA4}.Profile|x64.Build.0 = Release|x64
		{B82174A5-023A-4F2E-93EA-835F06209AA4}.Profile|x86.ActiveCfg = Release|Win32
		{B82174A5-023A-4F2E-93EA-835F06209AA4}.Profile|x86.Build.0 = Release|Win32
		{B82174A5-023A-4F2E-93EA-835F06209AA4}.Release|x64.ActiveCfg = Release|x64
		{B82174A5-023A-4F2E-93EA-835F06209AA4}.Release|x64.Build.0 = Release|x64
		{B82174A5-023A-4F2E-93EA-835F06209AA4}.Release|x86.ActiveCfg = Release|Win32
		{B82174A5-023A-4F2E-93EA-835F06209AA4}.Release|x86.Build.0 = Release|Win32
		{0830575F-A7DF-4195-AD76-4691E7B2EFBE}.Debug|x64.ActiveCfg = Debug|x64
		{0830575F-A7DF-4195-AD76-4691E7B2EFBE}.Debug|x64.Build.0 = Debug|x64
		{0830575F-A7DF-4195-AD76-4691E7B2EFBE}.Debug|x86.ActiveCfg = Debug|Win32
		{0830575F-A7DF-4195-AD76-4691E7B2EFBE}.Debug|x86.Build.0 = Debug|Win32
		{0830575F-A7DF-4195-AD76-4691E7B2EFBE}.Profile|x64.ActiveCfg = Release|x64
		{0830575F-A7DF-4195-AD76-4691E7B2EFBE}.Profile|x64.Build.0 = Release|x64
		{0830575F-A7DF-4195-AD76-4691E7B2EFBE}.Profile|x86.ActiveCfg = Release|Win32
		{0830575F-A7DF-4195-AD76-4691E7B2EFBE}.Profile|x86.Build.0 = Release|Win32
		{0830575F-A7DF-4195-AD76-4691E7B2EFBE}.Release|x64.ActiveCfg = Release|x64
		{0830575F-A7DF-4195-AD76-4691E7B2EFBE}.Release|x64.Build.0 = Release|x64
		{0830575F-A7DF-4195-AD76-4691E7B2EFBE}.Release|x86.ActiveCfg = Release|Win32
		{0830575F-A7DF-4195-AD76-4691E7B2EFBE}.Release|x86.Build.0 = Release|Win32
		{4F23F6D0-BB09-4AE7-A1F1-72075C1480A5}.Debug|x64.ActiveCfg = Debug|x64
		{4F23F6D0-BB09-4AE7-A1F1-72075C1480A5}.Debug|x64.Build.0 = Debug|x64
		{4F23F6D0-BB09-4AE7-A1F1-72075C1480A5}.Debug|x86.ActiveCfg = Debug|Win32
		{4F23F6D0-BB09-4AE7-A1F1-72075C1480A5}.Debug|x86.Build.0 = Debug|Win32
		{4F23F6D0-BB09-4AE7-A1F1-72075C1480A5}.Profile|x64.ActiveCfg = Release|x64
		{4F23F6D0-BB09-4AE7-A1F1-72075C1480A5}.Profile|x64.Build.0 = Release|x64
		{4F23F6D0-BB09-4AE7-A1F1-72075C1480A5}.Profile|x86.ActiveCfg = Release|Win32
		{4F23F6D0-BB09-4AE7-A1F1-72075C1480A5}.Profile|x86.Build.0 = Release|Win32
		{4F23F6D0-BB09-4AE7-A1F1-72075C1480A5}.Release|x64.ActiveCfg = Release|x64
		{4F23F6D0-BB09-4AE7-A1F1-72075C1480A5}.Release|x64.Build.0 = Release|x64
		{4F23F6D0-BB09-4AE7-A1F1-72075C1480A5}.Release|x86.ActiveCfg = Release|Win32
		{4F23F6D0-BB09-4AE7-A1F1-72075C1480A5}.Release|x86.Build.0 = Release|Win32
		{2F2F99C3-A769-4CAE-A022-C9DD64293C6D}.Debug|x64.ActiveCfg = Debug|x64
		{2F2F99C3-A769-4CAE-A022-C9DD64293C6D}.Debug|x64.Build.0 = Debug|x64
		{2F2F99C3-A769-4CAE-A022-C9DD64293C6D}.Debug|x86.ActiveCfg = Debug|Win32
		{2F2F99C3-A769-4CAE-A022-C9DD64293C6D}.Debug|x86.Build.0 = Debug|Win32
		{2F2F99C3-A769-4CAE-A022-C9DD64293C6D}.Profile|x64.ActiveCfg = Release|x64
		{2F2F99C3-A769-4CAE-A022-C9DD64293C6D}.Profile|x64.Build.0 = Release|x64
		{2F2F99C3-A769-4CAE-A022-C9DD64293C6D}.Profile|x86.ActiveCfg = Release|Win32
		{2F2F99C3-A769-4CAE-A022-C9DD64293C6D}.Profile|x86.Build.0 = Release|Win32
		{2F2F99C3-A769-4CAE-A022-C9DD64293C6D}.Release|x64.ActiveCfg = Release|x64
		{2F2F99C3-A769-4CAE-A022-C9DD64293C6D}.Release|x64.Build.0 = Release|x64
		{2F2F99C3-A769-4CAE-A022-C9DD64293C6D}.Release|x86.ActiveCfg = Release|Win32
		{2F2F99C3-A769-4CAE-A022-C9DD64293C6D}.Release|x86.Build.0 = Release|Win32
		{A545F191-0AC4-463F-B0D2-0086077AFE03}.Debug|x64.ActiveCfg = Debug|x64
		{A545F191-0AC4-463F-B0D2-0086077AFE03}.Debug|x64.Build.0 = Debug|x64
		{A545F191-0AC4-463F-B0D2-0086077AFE03}.Debug|x86.ActiveCfg = Debug|Win32
		{A545F191-0AC4-463F-B0D2-0086077AFE03}.Debug|x86.Build.0 = Debug|Win32
		{A545F191-0AC4-463F-B0D2-0086077AFE03}.Profile|x64.ActiveCfg = Release|x64
		{A545F191-0AC4-463F-B0D2-0086077AFE03}.Profile|x64.Build.0 = Release|x64
		{A545F191-0AC4-463F-B0D2-0086077AFE03}.Profile|x86.ActiveCfg = Release|Win32
		{A545F191-0AC4-463F-B0D2-0086077AFE03}.Profile|x86.Build.0 = Release|Win32
		{A545F191-0AC4-463F-B0D2-0086077AFE03}.Release|x64.ActiveCfg = Release|x64
		{A545F191-0AC4-463F-B0D2-0086077AFE03}.Release|x64.Build.0 = Release|x64
		{A545F191-0AC4-463F-B0D2-0086077AFE03}.Release|x86.ActiveCfg = Release|Win32
		{A545F191-0AC4-463F-B0D2-0086077AFE03}.Release|x86.Build.0 = Release|Win32
		{2875A93A-F3D8-47D7-97B0-2EFF41624DD8}.Debug|x64.ActiveCfg = Debug|x64
		{2875A93A-F3D8-47D7-97B0-2EFF41624DD8}.Debug|x64.Build.0 = Debug|x64
		{2875A93A-F3D8-47D7-97B0-2EFF41624DD8}.Debug|x86.ActiveCfg = Debug|Win32
		{2875A93A-F3D8-47D7-97B0-2EFF41624DD8}.Debug|x86.Build.0 = Debug|Win32
		{2875A93A-F3D8-47D7-97B0-2EFF41624DD8}.Profile|x64.ActiveCfg = Release|x64
		{2875A93A-F3D8-47D7-97B0-2EFF41624DD8}.Profile|x64.Build.0 = Release|x64
		{2875A93A-F3D8-47D7-97B0-2EFF41624DD8}.Profile|x86.ActiveCfg = Release|Win32
		{2875A93A-F3D8-47D7-97B0-2EFF41624DD8}.Profile|x86.Build.0 = Release|Win32
		{2875A93A-F3D8-47D7-97B0-2EFF41624DD8}.Release|x64.ActiveCfg = Release|x64
		{2875A93A-F3D8-47D7-97B0-2EFF41624DD8}.Release|x64.Build.0 = Release|x64
		{2875A93A-F3D8-47D7-97B0-2EFF41624DD8}.Release|x86.ActiveCfg = Release|Win32
		{2875A93A-F3D8-47D7-97B0-2EFF41624DD8}.Release|x86.Build.0 = Release|Win32
		{87937636-4141-4D44-97EB-9905AA671A71}.Debug|x64.ActiveCfg = Debug|x64
		{87937636-4141-4D44-97EB-9905AA671A71}.Debug|x64.Build.0 = Debug|x64
		{87937636-4141-4D44-97EB-9905AA671A71}.Debug|x86.ActiveCfg = Debug|Win32
		{87937636-4141-4D44-97EB-9905AA671A71}.Debug|x86.Build.0 = Debug|Win32
		{87937636-4141-4D44-97EB-9905AA671A71}.Profile|x64.ActiveCfg = Release|x64
		{87937636-4141-4D44-97EB-9905AA671A71}.Profile|x64.Build.0 = Release|x64
		{87937636-4141-4D44-97EB-9905AA671A71}.Profile|x86.ActiveCfg = Release|Win32
		{87937636-4141-4D44-97EB-9905AA671A71}.Profile|x86.Build.0 = Release|Win32
		{87937636-4141-4D44-97EB-9905AA671A71}.Release|x64.ActiveCfg = Release|x64
		{87937636-4141-4D44-97EB-9905AA671A71}.Release|x64.Build.0 = Release|x64
		{87937636-4141-4D44-97EB-9905AA671A71}.Release|x86.ActiveCfg = Release|Win32
		{87937636-4141-4D44-97EB-9905AA671A71}.Release|x86.Build.0 = Release|Win32
		{5953B9FE-2081-4BF0-8F89-435FEDE4A04A}.Debug|x64.ActiveCfg = Debug|x64
		{5953B9FE-2081-4BF0-8F89-435FEDE4A04A}.Debug|x64.Build.0 = Debug|x64
		{5953B9FE-2081-4BF0-8F89-435FEDE4A04A}.Debug|x86.ActiveCfg = Debug|Win32
		{5953B9FE-2081-4BF0-8F89-435FEDE4A04A}.Debug|x86.Build.0 = Debug|Win32
		{5953B9FE-2081-4BF0-8F89-435FEDE4A04A}.Profile|x64.ActiveCfg = Release|x64
		{5953B9FE-2081-4BF0-8F89-435FEDE4A04A}.Profile|x64.Build.0 = Release|x64
		{5953B9FE-2081-4BF0-8F89-435FEDE4A04A}.Profile|x86.ActiveCfg = Release|Win32
		{5953B9FE-2081-4BF0-8F89-435FEDE4A04A}.Profile|x86.Build.0 = Release|Win32
		{5953B9FE-2081-4BF0-8F89-435FEDE4A04A}.Release|x64.ActiveCfg = Release|x64
		{5953B9FE-2081-4BF0-8F89-435FEDE4A04A}.Release|x64.Build.0 = Release|x64
		{5953B9FE-2081-4BF0-8F89-435FEDE4A04A}.Release|x86.ActiveCfg = Release|Win32
		{5953B9FE-2081-4BF0-8F89-435FEDE4A04A}.Release|x86.Build.0 = Release|Win32
		{371B9FA9-4C90-4AC6-A123-ACED756D6C77}.Debug|x64.ActiveCfg = Debug|x64
		{371B9FA9-4C90-4AC6-A123-ACED756D6C77}.Debug|x64.Build.0 = Debug|x64
		{371B9FA9-4C90-4AC6-A123-ACED756D6C77}.Debug|x86.ActiveCfg = Debug|Win32
		{371B9FA9-4C90-4AC6-A123-ACED756D6C77}.Debug|x86.Build.0 = Debug|Win32
		{371B9FA9-4C90-4AC6-A123-ACED756D6C77}.Profile|x64.ActiveCfg = Profile|x64
		{371B9FA9-4C90-4AC6-A123-ACED756D6C77}.Profile|x64.Build.0 = Profile|x64
		{371B9FA9-4C90-4AC6-A123-ACED756D6C77}.Profile|x86.ActiveCfg = Profile|Win32
		{371B9FA9-4C90-4AC6-A123-ACED756D6C77}.Profile|x86.Build.0 = Profile|Win32
		{371B9FA9-4C90-4AC6-A123-ACED756D6C77}.Release|x64.ActiveCfg = Release|x64
		{371B9FA9-4C90-4AC6-A123-ACED756D6C77}.Release|x64.Build.0 = Release|x64
		{371B9FA9-4C90-4AC6-A123-ACED756D6C77}.Release|x86.ActiveCfg = Release|Win32
		{371B9FA9-4C90-4AC6-A123-ACED756D6C77}.Release|x86.Build.0 = Release|Win32
		{DED57D7B-E98C-451B-AE49-2BF9445217AF}.Debug|x64.ActiveCfg = Debug|x64
		{DED57D7B-E98C-451B-AE49-2BF9445217AF}.Debug|x64.Build.0 = Debug|x64
		{DED57D7B-E98C-451B-AE49-2BF9445217AF}.Debug|x86.ActiveCfg = Debug|Win32
		{DED57D7B-E98C-451B-AE49-2BF9445217AF}.Debug|x86.Build.0 = Debug|Win32
		{DED57D7B-E98C-451B-AE49-2BF9445217AF}.Profile|x64.ActiveCfg = Release|x64
		{DED57D7B-E98C-451B-AE49-2BF9445217AF}.Profile|x64.Build.0 = Release|x64
		{DED57D7B-E98C-451B-AE49-2BF9445217AF}.Profile|x86.ActiveCfg = Release|Win32
		{DED57D7B-E98C-451B-AE49-2BF9445217AF}.Profile|x86.Build.0 = Release|Win32
		{DED57D7B-E98C-451B-AE49-2BF9445217AF}.Release|x64.ActiveCfg = Release|x64
		{DED57D7B-E98C-451B-AE49-2BF9445217AF}.Release|x64.Build.0 = Release|x64
		{DED57D7B-E98C-451B-AE49-2BF9445217AF}.Release|x86.ActiveCfg = Release|Win32
		{DED57D7B-E98C-451B-AE49-2BF9445217AF}.Release|x86.Build.0 = Release|Win32
	EndGlobalSection
	GlobalSection(SolutionProperties) = preSolution
		HideSolutionNode = FALSE
	EndGlobalSection
	GlobalSection(NestedProjects) = preSolution
		{C9E300FD-5B6A-4AD1-9C55-76086593172F} = {0CB23F54-E7CB-49E9-AD41-361BAD7AD9F6}
		{B82174A5-023A-4F2E-93EA-835F06209AA4} = {0CB23F54-E7CB-49E9-AD41-361BAD7AD9F6}
		{0830575F-A7DF-4195-AD76-4691E7B2EFBE} = {680D5647-A56E-47C9-B3D0-2D98ED1B571D}
		{4F23F6D0-BB09-4AE7-A1F1-72075C1480A5} = {680D5647-A56E-47C9-B3D0-2D98ED1B571D}
		{2F2F99C3-A769-4CAE-A022-C9DD64293C6D} = {680D5647-A56E-47C9-B3D0-2D98ED1B571D}
		{A545F191-0AC4-463F-B0D2-0086077AFE03} = {680D5647-A56E-47C9-B3D0-2D98ED1B571D}
		{2875A93A-F3D8-47D7-97B0-2EFF41624DD8} = {680D5647-A56E-47C9-B3D0-2D98ED1B571D}
		{87937636-4141-4D44-97EB-9905AA671A71} = {680D5647-A56E-47C9-B3D0-2D98ED1B571D}
		{5953B9FE-2081-4BF0-8F89-435FEDE4A04A} = {680D5647-A56E-47C9-B3D0-2D98ED1B571D}
		{371B9FA9-4C90-4AC6-A123-ACED756D6C77} = {0CB23F54-E7CB-49E9-AD41-361BAD7AD9F6}
	EndGlobalSection
	GlobalSection(ExtensibilityGlobals) = postSolution
		SolutionGuid = {69B4BD7B-0982-4A3B-8971-7A8827C4B94C}
	EndGlobalSection
EndGlobal
