<?xml version="1.0" encoding="utf-8"?>
<Project ToolsVersion="4.0" xmlns="http://schemas.microsoft.com/developer/msbuild/2003">
  <ItemGroup>
    <Filter Include="Source">
      <UniqueIdentifier>{37b02eb2-95d4-4b97-9642-a5075193a691}</UniqueIdentifier>
    </Filter>
    <Filter Include="Source\Main">
      <UniqueIdentifier>{7ff96fae-c761-40ea-81a8-cb6344b8797c}</UniqueIdentifier>
    </Filter>
    <Filter Include="Source\Scene">
      <UniqueIdentifier>{9fde1157-53a5-4b4e-88f3-94fdae9e163c}</UniqueIdentifier>
    </Filter>
    <Filter Include="Source\Player">
      <UniqueIdentifier>{2e16a2d2-e326-4e82-8479-b048778fdf2a}</UniqueIdentifier>
    </Filter>
    <Filter Include="Source\Boss">
      <UniqueIdentifier>{0efa3f80-4869-4d74-83be-82aa5cd974e5}</UniqueIdentifier>
    </Filter>
    <Filter Include="Source\Primitive">
      <UniqueIdentifier>{57bbc2f1-f6d2-4be9-9046-bd860ed35c55}</UniqueIdentifier>
    </Filter>
    <Filter Include="Source\UI">
      <UniqueIdentifier>{cb010aa5-c517-4843-86b9-f8fc343f23e7}</UniqueIdentifier>
    </Filter>
    <Filter Include="Resources">
      <UniqueIdentifier>{b37bd37c-5fa6-490d-8350-8b2072e17ca9}</UniqueIdentifier>
    </Filter>
    <Filter Include="Source\Mannequin">
      <UniqueIdentifier>{b1235755-55e5-450b-b657-ff631f55606f}</UniqueIdentifier>
    </Filter>
    <Filter Include="Source\AI">
      <UniqueIdentifier>{342bd1d7-6372-49ea-9ca6-4eadac478728}</UniqueIdentifier>
    </Filter>
    <Filter Include="Source\AI\MetaAI">
      <UniqueIdentifier>{994fe8c0-a42f-479d-8aed-2ded08719f54}</UniqueIdentifier>
    </Filter>
    <Filter Include="Source\Enemy">
      <UniqueIdentifier>{b5507d48-23e0-4f70-beff-d050d3b9dc92}</UniqueIdentifier>
    </Filter>
    <Filter Include="Source\AI\StateMachine">
      <UniqueIdentifier>{0b005f4b-a378-4c45-900b-c83da9cbf080}</UniqueIdentifier>
    </Filter>
    <Filter Include="Source\Sound">
      <UniqueIdentifier>{a29b933a-4376-4b15-a396-23f150476f8a}</UniqueIdentifier>
    </Filter>
    <Filter Include="Source\Collision">
      <UniqueIdentifier>{70ad8f72-02ae-4527-9072-8db26ca3a2b6}</UniqueIdentifier>
    </Filter>
    <Filter Include="Source\AI\HTN">
      <UniqueIdentifier>{14d2f1e2-d883-4206-b43a-38a81520451b}</UniqueIdentifier>
    </Filter>
  </ItemGroup>
  <ItemGroup>
    <ClCompile Include="Source\Main.cpp">
      <Filter>Source</Filter>
    </ClCompile>
    <ClCompile Include="Source\Player\Player.cpp">
      <Filter>Source\Player</Filter>
    </ClCompile>
    <ClCompile Include="Source\Boss\Boss.cpp">
      <Filter>Source\Boss</Filter>
    </ClCompile>
    <ClCompile Include="Source\Scene\SceneSystem.cpp">
      <Filter>Source\Scene</Filter>
    </ClCompile>
    <ClCompile Include="Source\Scene\SceneGame.cpp">
      <Filter>Source\Scene</Filter>
    </ClCompile>
    <ClCompile Include="Source\Scene\SceneTitle.cpp">
      <Filter>Source\Scene</Filter>
    </ClCompile>
    <ClCompile Include="Source\Scene\SceneCommonData.cpp">
      <Filter>Source\Scene</Filter>
    </ClCompile>
    <ClCompile Include="Source\Primitive\GeometricPrimitive.cpp">
      <Filter>Source\Primitive</Filter>
    </ClCompile>
    <ClCompile Include="Source\UI\UISystem.cpp">
      <Filter>Source\UI</Filter>
    </ClCompile>
    <ClCompile Include="Source\UI\PlayerUI.cpp">
      <Filter>Source\UI</Filter>
    </ClCompile>
    <ClCompile Include="Source\UI\BossUI.cpp">
      <Filter>Source\UI</Filter>
    </ClCompile>
    <ClCompile Include="Source\Scene\FadeSystem.cpp">
      <Filter>Source\Scene</Filter>
    </ClCompile>
    <ClCompile Include="Source\Scene\SceneGameOver.cpp">
      <Filter>Source\Scene</Filter>
    </ClCompile>
    <ClCompile Include="Source\Mannequin\Mannequin.cpp">
      <Filter>Source\Mannequin</Filter>
    </ClCompile>
    <ClCompile Include="Source\Scene\SceneGameClear.cpp">
      <Filter>Source\Scene</Filter>
    </ClCompile>
    <ClCompile Include="Source\AI\MetaAI\MetaAI.cpp">
      <Filter>Source\AI\MetaAI</Filter>
    </ClCompile>
    <ClCompile Include="Source\AI\MetaAI\PlayerSkillAnalyzer.cpp">
      <Filter>Source\AI\MetaAI</Filter>
    </ClCompile>
    <ClCompile Include="Source\AI\MetaAI\DynamicDifficultyAdjuster.cpp">
      <Filter>Source\AI\MetaAI</Filter>
    </ClCompile>
    <ClCompile Include="Source\AI\MetaAI\BattleEnemyController.cpp">
      <Filter>Source\AI\MetaAI</Filter>
    </ClCompile>
    <ClCompile Include="Source\Enemy\Enemy.cpp">
      <Filter>Source\Enemy</Filter>
    </ClCompile>
    <ClCompile Include="Source\Enemy\EnemyManager.cpp">
      <Filter>Source\Enemy</Filter>
    </ClCompile>
    <ClCompile Include="Source\AI\MetaAI\BattleEnemySystem.cpp">
      <Filter>Source\AI\MetaAI</Filter>
    </ClCompile>
    <ClCompile Include="Source\AI\StateMachine\BattleEnemyState.cpp">
      <Filter>Source\AI\StateMachine</Filter>
    </ClCompile>
    <ClCompile Include="Source\AI\StateMachine\BattleEnemyAI.cpp">
      <Filter>Source\AI\StateMachine</Filter>
    </ClCompile>
    <ClCompile Include="Source\UI\EnemiesUI.cpp">
      <Filter>Source\UI</Filter>
    </ClCompile>
    <ClCompile Include="Source\UI\EnemyUI.cpp">
      <Filter>Source\UI</Filter>
    </ClCompile>
    <ClCompile Include="Source\UI\TutorialUI.cpp">
      <Filter>Source\UI</Filter>
    </ClCompile>
    <ClCompile Include="Source\Player\PlayerState.cpp">
      <Filter>Source\Player</Filter>
    </ClCompile>
    <ClCompile Include="Source\Player\PlayerInput.cpp">
      <Filter>Source\Player</Filter>
    </ClCompile>
    <ClCompile Include="Source\Player\PlayerController.cpp">
      <Filter>Source\Player</Filter>
    </ClCompile>
    <ClCompile Include="Source\Enemy\EnemyAIController.cpp">
      <Filter>Source\Enemy</Filter>
    </ClCompile>
    <ClCompile Include="Source\Enemy\EnemyTask.cpp">
      <Filter>Source\Enemy</Filter>
    </ClCompile>
  </ItemGroup>
  <ItemGroup>
    <ClInclude Include="Source\Main.h">
      <Filter>Source</Filter>
    </ClInclude>
    <ClInclude Include="Source\Player\Player.h">
      <Filter>Source\Player</Filter>
    </ClInclude>
    <ClInclude Include="Source\Boss\Boss.h">
      <Filter>Source\Boss</Filter>
    </ClInclude>
    <ClInclude Include="Source\Scene\Scene.h">
      <Filter>Source\Scene</Filter>
    </ClInclude>
    <ClInclude Include="Source\Scene\SceneSystem.h">
      <Filter>Source\Scene</Filter>
    </ClInclude>
    <ClInclude Include="Source\Scene\SceneCommonData.h">
      <Filter>Source\Scene</Filter>
    </ClInclude>
    <ClInclude Include="Source\Primitive\GeometricPrimitive.h">
      <Filter>Source\Primitive</Filter>
    </ClInclude>
    <ClInclude Include="Source\UI\UI.h">
      <Filter>Source\UI</Filter>
    </ClInclude>
    <ClInclude Include="Source\UI\UISystem.h">
      <Filter>Source\UI</Filter>
    </ClInclude>
    <ClInclude Include="Source\UI\PlayerUI.h">
      <Filter>Source\UI</Filter>
    </ClInclude>
    <ClInclude Include="Source\UI\BossUI.h">
      <Filter>Source\UI</Filter>
    </ClInclude>
    <ClInclude Include="Source\Scene\FadeSystem.h">
      <Filter>Source\Scene</Filter>
    </ClInclude>
    <ClInclude Include="Source\Mannequin\Mannequin.h">
      <Filter>Source\Mannequin</Filter>
    </ClInclude>
    <ClInclude Include="Source\AI\MetaAI\MetaAI.h">
      <Filter>Source\AI\MetaAI</Filter>
    </ClInclude>
    <ClInclude Include="Source\AI\MetaAI\PlayerSkillAnalyzer.h">
      <Filter>Source\AI\MetaAI</Filter>
    </ClInclude>
    <ClInclude Include="Source\AI\MetaAI\DynamicDifficultyAdjuster.h">
      <Filter>Source\AI\MetaAI</Filter>
    </ClInclude>
    <ClInclude Include="Source\AI\MetaAI\BattleEnemyController.h">
      <Filter>Source\AI\MetaAI</Filter>
    </ClInclude>
    <ClInclude Include="Source\Enemy\Enemy.h">
      <Filter>Source\Enemy</Filter>
    </ClInclude>
    <ClInclude Include="Source\Enemy\EnemyManager.h">
      <Filter>Source\Enemy</Filter>
    </ClInclude>
    <ClInclude Include="Source\AI\MetaAI\MetaAISystem.h">
      <Filter>Source\AI\MetaAI</Filter>
    </ClInclude>
    <ClInclude Include="Source\AI\MetaAI\BattleEnemySystem.h">
      <Filter>Source\AI\MetaAI</Filter>
    </ClInclude>
    <ClInclude Include="Source\AI\MetaAI\MetaType.h">
      <Filter>Source\AI\MetaAI</Filter>
    </ClInclude>
    <ClInclude Include="Source\Enemy\EnemyState.h">
      <Filter>Source\Enemy</Filter>
    </ClInclude>
    <ClInclude Include="Source\AI\StateMachine\BattleEnemyState.h">
      <Filter>Source\AI\StateMachine</Filter>
    </ClInclude>
    <ClInclude Include="Source\AI\StateMachine\BattleEnemyAI.h">
      <Filter>Source\AI\StateMachine</Filter>
    </ClInclude>
    <ClInclude Include="Source\UI\EnemiesUI.h">
      <Filter>Source\UI</Filter>
    </ClInclude>
    <ClInclude Include="Source\UI\EnemyUI.h">
      <Filter>Source\UI</Filter>
    </ClInclude>
    <ClInclude Include="resource1.h">
      <Filter>Resources</Filter>
    </ClInclude>
    <ClInclude Include="Source\Sound\SoundSystem.h">
      <Filter>Source\Sound</Filter>
    </ClInclude>
    <ClInclude Include="Source\Collision\Collision.h">
      <Filter>Source\Collision</Filter>
    </ClInclude>
    <ClInclude Include="Source\UI\TutorialUI.h">
      <Filter>Source\UI</Filter>
    </ClInclude>
    <ClInclude Include="Source\Player\PlayerState.h">
      <Filter>Source\Player</Filter>
    </ClInclude>
    <ClInclude Include="Source\Player\PlayerInput.h">
      <Filter>Source\Player</Filter>
    </ClInclude>
    <ClInclude Include="Source\Player\PlayerController.h">
      <Filter>Source\Player</Filter>
    </ClInclude>
    <ClInclude Include="Source\AI\HTN\HTN.h">
      <Filter>Source\AI\HTN</Filter>
    </ClInclude>
    <ClInclude Include="Source\AI\HTN\HTNDomain.h">
      <Filter>Source\AI\HTN</Filter>
    </ClInclude>
    <ClInclude Include="Source\AI\HTN\HTNPlanner.h">
      <Filter>Source\AI\HTN</Filter>
    </ClInclude>
    <ClInclude Include="Source\Enemy\EnemyAIController.h">
      <Filter>Source\Enemy</Filter>
    </ClInclude>
    <ClInclude Include="Source\Enemy\EnemyTask.h">
      <Filter>Source\Enemy</Filter>
    </ClInclude>
    <ClInclude Include="Source\AI\MetaAI\MetaData.h">
      <Filter>Source\AI\MetaAI</Filter>
    </ClInclude>
  </ItemGroup>
  <ItemGroup>
    <Image Include="..\Data\Assets\Texture\Icon\Icon.ico">
      <Filter>Resources</Filter>
    </Image>
  </ItemGroup>
  <ItemGroup>
    <ResourceCompile Include="Phoenix1.rc">
      <Filter>Resources</Filter>
    </ResourceCompile>
  </ItemGroup>
</Project>