<?xml version="1.0" encoding="utf-8"?>
<Project ToolsVersion="4.0" xmlns="http://schemas.microsoft.com/developer/msbuild/2003">
  <ItemGroup>
    <Filter Include="Source">
      <UniqueIdentifier>{37b02eb2-95d4-4b97-9642-a5075193a691}</UniqueIdentifier>
    </Filter>
    <Filter Include="Source\Main">
      <UniqueIdentifier>{7ff96fae-c761-40ea-81a8-cb6344b8797c}</UniqueIdentifier>
    </Filter>
    <Filter Include="Source\Scene">
      <UniqueIdentifier>{9fde1157-53a5-4b4e-88f3-94fdae9e163c}</UniqueIdentifier>
    </Filter>
    <Filter Include="Source\Player">
      <UniqueIdentifier>{2e16a2d2-e326-4e82-8479-b048778fdf2a}</UniqueIdentifier>
    </Filter>
    <Filter Include="Source\Boss">
      <UniqueIdentifier>{0efa3f80-4869-4d74-83be-82aa5cd974e5}</UniqueIdentifier>
    </Filter>
    <Filter Include="Source\Boss\AIState">
      <UniqueIdentifier>{dd4fc57b-b2e2-4cdf-acf8-bcac2e981e05}</UniqueIdentifier>
    </Filter>
    <Filter Include="Source\Primitive">
      <UniqueIdentifier>{57bbc2f1-f6d2-4be9-9046-bd860ed35c55}</UniqueIdentifier>
    </Filter>
    <Filter Include="Source\UI">
      <UniqueIdentifier>{cb010aa5-c517-4843-86b9-f8fc343f23e7}</UniqueIdentifier>
    </Filter>
  </ItemGroup>
  <ItemGroup>
    <ClCompile Include="Source\Main.cpp">
      <Filter>Source</Filter>
    </ClCompile>
    <ClCompile Include="Source\Player\Player.cpp">
      <Filter>Source\Player</Filter>
    </ClCompile>
    <ClCompile Include="Source\Boss\Boss.cpp">
      <Filter>Source\Boss</Filter>
    </ClCompile>
    <ClCompile Include="Source\Scene\SceneSystem.cpp">
      <Filter>Source\Scene</Filter>
    </ClCompile>
    <ClCompile Include="Source\Scene\SceneGame.cpp">
      <Filter>Source\Scene</Filter>
    </ClCompile>
    <ClCompile Include="Source\Scene\SceneTitle.cpp">
      <Filter>Source\Scene</Filter>
    </ClCompile>
    <ClCompile Include="Source\Boss\BossAI.cpp">
      <Filter>Source\Boss</Filter>
    </ClCompile>
    <ClCompile Include="Source\Boss\AIState\WaitState.cpp">
      <Filter>Source\Boss\AIState</Filter>
    </ClCompile>
    <ClCompile Include="Source\Boss\AIState\MoveState.cpp">
      <Filter>Source\Boss\AIState</Filter>
    </ClCompile>
    <ClCompile Include="Source\Boss\AIState\JumpAttackState.cpp">
      <Filter>Source\Boss\AIState</Filter>
    </ClCompile>
    <ClCompile Include="Source\Boss\AIState\SwingAttackState.cpp">
      <Filter>Source\Boss\AIState</Filter>
    </ClCompile>
    <ClCompile Include="Source\Scene\SceneCommonData.cpp">
      <Filter>Source\Scene</Filter>
    </ClCompile>
    <ClCompile Include="Source\Boss\AIState\AvoidState.cpp">
      <Filter>Source\Boss\AIState</Filter>
    </ClCompile>
    <ClCompile Include="Source\Primitive\GeometricPrimitive.cpp">
      <Filter>Source\Primitive</Filter>
    </ClCompile>
    <ClCompile Include="Source\UI\UISystem.cpp">
      <Filter>Source\UI</Filter>
    </ClCompile>
    <ClCompile Include="Source\UI\PlayerUI.cpp">
      <Filter>Source\UI</Filter>
    </ClCompile>
    <ClCompile Include="Source\UI\BossUI.cpp">
      <Filter>Source\UI</Filter>
    </ClCompile>
    <ClCompile Include="Source\Boss\AIState\DamageState.cpp">
      <Filter>Source\Boss\AIState</Filter>
    </ClCompile>
    <ClCompile Include="Source\Scene\FadeSystem.cpp">
      <Filter>Source\Scene</Filter>
    </ClCompile>
    <ClCompile Include="Source\Scene\SceneGameClear.cpp">
      <Filter>Source\Scene</Filter>
    </ClCompile>
    <ClCompile Include="Source\Scene\SceneGameOver.cpp">
      <Filter>Source\Scene</Filter>
    </ClCompile>
    <ClCompile Include="Source\Scene\SceneLabo.cpp">
      <Filter>Source\Scene</Filter>
    </ClCompile>
  </ItemGroup>
  <ItemGroup>
    <ClInclude Include="Source\Main.h">
      <Filter>Source</Filter>
    </ClInclude>
    <ClInclude Include="Source\Player\Player.h">
      <Filter>Source\Player</Filter>
    </ClInclude>
    <ClInclude Include="Source\Boss\Boss.h">
      <Filter>Source\Boss</Filter>
    </ClInclude>
    <ClInclude Include="Source\Scene\Scene.h">
      <Filter>Source\Scene</Filter>
    </ClInclude>
    <ClInclude Include="Source\Scene\SceneSystem.h">
      <Filter>Source\Scene</Filter>
    </ClInclude>
    <ClInclude Include="Source\Boss\AI.h">
      <Filter>Source\Boss</Filter>
    </ClInclude>
    <ClInclude Include="Source\Boss\BossAI.h">
      <Filter>Source\Boss</Filter>
    </ClInclude>
    <ClInclude Include="Source\Boss\AIState\AIState.h">
      <Filter>Source\Boss\AIState</Filter>
    </ClInclude>
    <ClInclude Include="Source\Boss\AIState\WaitState.h">
      <Filter>Source\Boss\AIState</Filter>
    </ClInclude>
    <ClInclude Include="Source\Boss\AIState\MoveState.h">
      <Filter>Source\Boss\AIState</Filter>
    </ClInclude>
    <ClInclude Include="Source\Boss\AIState\JumpAttackState.h">
      <Filter>Source\Boss\AIState</Filter>
    </ClInclude>
    <ClInclude Include="Source\Boss\AIState\SwingAttackState.h">
      <Filter>Source\Boss\AIState</Filter>
    </ClInclude>
    <ClInclude Include="Source\Scene\SceneCommonData.h">
      <Filter>Source\Scene</Filter>
    </ClInclude>
    <ClInclude Include="Source\Boss\AIState\AvoidState.h">
      <Filter>Source\Boss\AIState</Filter>
    </ClInclude>
    <ClInclude Include="Source\Primitive\GeometricPrimitive.h">
      <Filter>Source\Primitive</Filter>
    </ClInclude>
    <ClInclude Include="Source\UI\UI.h">
      <Filter>Source\UI</Filter>
    </ClInclude>
    <ClInclude Include="Source\UI\UISystem.h">
      <Filter>Source\UI</Filter>
    </ClInclude>
    <ClInclude Include="Source\UI\PlayerUI.h">
      <Filter>Source\UI</Filter>
    </ClInclude>
    <ClInclude Include="Source\UI\BossUI.h">
      <Filter>Source\UI</Filter>
    </ClInclude>
    <ClInclude Include="Source\Boss\AIState\DamageState.h">
      <Filter>Source\Boss\AIState</Filter>
    </ClInclude>
    <ClInclude Include="Source\Scene\FadeSystem.h">
      <Filter>Source\Scene</Filter>
    </ClInclude>
    <ClInclude Include="Source\Scene\SceneLabo.h">
      <Filter>Source\Scene</Filter>
    </ClInclude>
  </ItemGroup>
</Project>